<?xml version="1.0" encoding="utf-8"?>
<Project ToolsVersion="4.0" xmlns="http://schemas.microsoft.com/developer/msbuild/2003">
  <ItemGroup>
    <Filter Include="Source Files">
      <UniqueIdentifier>{fc6b8cf1-c236-4213-9989-5a5eb7d9e4ee}</UniqueIdentifier>
    </Filter>
    <Filter Include="Source Files\Engine">
      <UniqueIdentifier>{26098fd4-abd1-4bb6-9e8a-d7567a6afcb5}</UniqueIdentifier>
    </Filter>
    <Filter Include="Source Files\Engine\Shaderclasses">
      <UniqueIdentifier>{8f561bcf-a78f-4f1e-b70d-a7a0603bccc0}</UniqueIdentifier>
    </Filter>
    <Filter Include="Source Files\Engine\Util">
      <UniqueIdentifier>{a0225378-65d1-42da-b41f-9d718976408d}</UniqueIdentifier>
    </Filter>
    <Filter Include="Shaders">
      <UniqueIdentifier>{c7508eae-6a33-404f-a9bf-e4db9e46fec0}</UniqueIdentifier>
    </Filter>
    <Filter Include="Header Files">
      <UniqueIdentifier>{d27f364b-fd8d-4ad0-90c7-5595301744f7}</UniqueIdentifier>
    </Filter>
    <Filter Include="Header Files\Engine">
      <UniqueIdentifier>{bb9b3d64-7acf-4a70-a682-cb819accfa0f}</UniqueIdentifier>
    </Filter>
    <Filter Include="Header Files\Engine\Shaderclasses">
      <UniqueIdentifier>{c8f238b0-6758-4d9f-a93c-5487e210de45}</UniqueIdentifier>
    </Filter>
    <Filter Include="Header Files\Engine\Util">
      <UniqueIdentifier>{1a421a29-ab0f-4995-91ec-869ad5b30916}</UniqueIdentifier>
    </Filter>
  </ItemGroup>
  <ItemGroup>
    <ClCompile Include="src\ComputeShader.cpp">
      <Filter>Source Files\Engine\Shaderclasses</Filter>
    </ClCompile>
    <ClCompile Include="src\GeometryShader.cpp">
      <Filter>Source Files\Engine\Shaderclasses</Filter>
    </ClCompile>
    <ClCompile Include="src\PixelShader.cpp">
      <Filter>Source Files\Engine\Shaderclasses</Filter>
    </ClCompile>
    <ClCompile Include="src\VertexShader.cpp">
      <Filter>Source Files\Engine\Shaderclasses</Filter>
    </ClCompile>
    <ClCompile Include="src\Shader.cpp">
      <Filter>Source Files\Engine\Shaderclasses</Filter>
    </ClCompile>
    <ClCompile Include="src\Texture.cpp">
      <Filter>Source Files\Engine\Util</Filter>
    </ClCompile>
    <ClCompile Include="src\ResetUtils.cpp">
      <Filter>Source Files\Engine\Util</Filter>
    </ClCompile>
    <ClCompile Include="src\Camera.cpp">
      <Filter>Source Files\Engine</Filter>
    </ClCompile>
    <ClCompile Include="src\d3dApp.cpp">
      <Filter>Source Files\Engine</Filter>
    </ClCompile>
    <ClCompile Include="src\d3dUtil.cpp">
      <Filter>Source Files\Engine</Filter>
    </ClCompile>
    <ClCompile Include="src\DDSTextureLoader.cpp">
      <Filter>Source Files\Engine</Filter>
    </ClCompile>
    <ClCompile Include="src\GameTimer.cpp">
      <Filter>Source Files\Engine</Filter>
    </ClCompile>
    <ClCompile Include="src\GeometryGenerator.cpp">
      <Filter>Source Files\Engine</Filter>
    </ClCompile>
    <ClCompile Include="src\HairLoader.cpp">
      <Filter>Source Files\Engine</Filter>
    </ClCompile>
    <ClCompile Include="src\LightHelper.cpp">
      <Filter>Source Files\Engine</Filter>
    </ClCompile>
    <ClCompile Include="src\MathHelper.cpp">
      <Filter>Source Files\Engine</Filter>
    </ClCompile>
    <ClCompile Include="src\main.cpp">
      <Filter>Source Files</Filter>
    </ClCompile>
    <ClCompile Include="src\Entry.cpp">
      <Filter>Source Files</Filter>
    </ClCompile>
    <ClCompile Include="src\Staebchen.cpp">
      <Filter>Source Files</Filter>
    </ClCompile>
  </ItemGroup>
  <ItemGroup>
    <ClInclude Include="src\ComputeShader.h">
      <Filter>Header Files\Engine\Shaderclasses</Filter>
    </ClInclude>
    <ClInclude Include="src\GeometryShader.h">
      <Filter>Header Files\Engine\Shaderclasses</Filter>
    </ClInclude>
    <ClInclude Include="src\PixelShader.h">
      <Filter>Header Files\Engine\Shaderclasses</Filter>
    </ClInclude>
    <ClInclude Include="src\Shader.h">
      <Filter>Header Files\Engine\Shaderclasses</Filter>
    </ClInclude>
    <ClInclude Include="src\VertexShader.h">
      <Filter>Header Files\Engine\Shaderclasses</Filter>
    </ClInclude>
    <ClInclude Include="src\Texture.h">
      <Filter>Header Files\Engine\Util</Filter>
    </ClInclude>
    <ClInclude Include="src\ResetUtils.h">
      <Filter>Header Files\Engine\Util</Filter>
    </ClInclude>
    <ClInclude Include="src\RenderItem.h">
      <Filter>Header Files\Engine\Util</Filter>
    </ClInclude>
    <ClInclude Include="src\Camera.h">
      <Filter>Header Files\Engine</Filter>
    </ClInclude>
    <ClInclude Include="src\d3dApp.h">
      <Filter>Header Files\Engine</Filter>
    </ClInclude>
    <ClInclude Include="src\d3dUtil.h">
      <Filter>Header Files\Engine</Filter>
    </ClInclude>
    <ClInclude Include="src\d3dx11effect.h">
      <Filter>Header Files\Engine</Filter>
    </ClInclude>
    <ClInclude Include="src\DDSTextureLoader.h">
      <Filter>Header Files\Engine</Filter>
    </ClInclude>
    <ClInclude Include="src\GameTimer.h">
      <Filter>Header Files\Engine</Filter>
    </ClInclude>
    <ClInclude Include="src\GeometryGenerator.h">
      <Filter>Header Files\Engine</Filter>
    </ClInclude>
    <ClInclude Include="src\HairLoader.h">
      <Filter>Header Files\Engine</Filter>
    </ClInclude>
    <ClInclude Include="src\LightHelper.h">
      <Filter>Header Files\Engine</Filter>
    </ClInclude>
    <ClInclude Include="src\MathHelper.h">
      <Filter>Header Files\Engine</Filter>
    </ClInclude>
    <ClInclude Include="src\MeshGenerator.h">
      <Filter>Header Files\Engine</Filter>
    </ClInclude>
    <ClInclude Include="src\Entry.h">
      <Filter>Header Files</Filter>
    </ClInclude>
    <ClInclude Include="src\Staebchen.h">
      <Filter>Header Files</Filter>
    </ClInclude>
  </ItemGroup>
  <ItemGroup>
    <None Include="Shader\vpHairBase.hlsl">
      <Filter>Shaders</Filter>
    </None>
    <None Include="Shader\vgpEmulationSplines.hlsl">
      <Filter>Shaders</Filter>
    </None>
  </ItemGroup>
</Project>